// !$*UTF8*$!
{
	archiveVersion = 1;
	classes = {
	};
	objectVersion = 46;
	objects = {

/* Begin PBXBuildFile section */
		10290C571E63F5D800A374CF /* GrillinButton.png in Resources */ = {isa = PBXBuildFile; fileRef = 10290C561E63F5D800A374CF /* GrillinButton.png */; };
		10290C591E63F97600A374CF /* SmokinButton.png in Resources */ = {isa = PBXBuildFile; fileRef = 10290C581E63F97600A374CF /* SmokinButton.png */; };
		10290C5B1E63FB0000A374CF /* meatTimeInAppLogo.png in Resources */ = {isa = PBXBuildFile; fileRef = 10290C5A1E63FB0000A374CF /* meatTimeInAppLogo.png */; };
		10A3BBB41E5C9B040046669A /* AppDelegate.swift in Sources */ = {isa = PBXBuildFile; fileRef = 10A3BBB31E5C9B040046669A /* AppDelegate.swift */; };
		10A3BBB61E5C9B040046669A /* ViewController.swift in Sources */ = {isa = PBXBuildFile; fileRef = 10A3BBB51E5C9B040046669A /* ViewController.swift */; };
		10A3BBBC1E5C9B050046669A /* MeatTime_.xcdatamodeld in Sources */ = {isa = PBXBuildFile; fileRef = 10A3BBBA1E5C9B050046669A /* MeatTime_.xcdatamodeld */; };
		10A3BBBE1E5C9B060046669A /* Assets.xcassets in Resources */ = {isa = PBXBuildFile; fileRef = 10A3BBBD1E5C9B060046669A /* Assets.xcassets */; };
		10A3BBC11E5C9B060046669A /* LaunchScreen.storyboard in Resources */ = {isa = PBXBuildFile; fileRef = 10A3BBBF1E5C9B060046669A /* LaunchScreen.storyboard */; };
		10A3BBCC1E5C9B080046669A /* MeatTime_Tests.swift in Sources */ = {isa = PBXBuildFile; fileRef = 10A3BBCB1E5C9B080046669A /* MeatTime_Tests.swift */; };
		10A3BBD71E5C9B080046669A /* MeatTime_UITests.swift in Sources */ = {isa = PBXBuildFile; fileRef = 10A3BBD61E5C9B080046669A /* MeatTime_UITests.swift */; };
		10A3BC241E5D4E540046669A /* icon-messages-app-27x20@1x.png in Resources */ = {isa = PBXBuildFile; fileRef = 10A3BBF41E5D4E540046669A /* icon-messages-app-27x20@1x.png */; };
		10A3BC251E5D4E540046669A /* icon-messages-app-27x20@2x.png in Resources */ = {isa = PBXBuildFile; fileRef = 10A3BBF51E5D4E540046669A /* icon-messages-app-27x20@2x.png */; };
		10A3BC261E5D4E540046669A /* icon-messages-app-27x20@3x.png in Resources */ = {isa = PBXBuildFile; fileRef = 10A3BBF61E5D4E540046669A /* icon-messages-app-27x20@3x.png */; };
		10A3BC271E5D4E540046669A /* icon-messages-app-iPadAir-67x50@2x.png in Resources */ = {isa = PBXBuildFile; fileRef = 10A3BBF71E5D4E540046669A /* icon-messages-app-iPadAir-67x50@2x.png */; };
		10A3BC281E5D4E540046669A /* icon-messages-app-iPadAir-74x55@2x.png in Resources */ = {isa = PBXBuildFile; fileRef = 10A3BBF81E5D4E540046669A /* icon-messages-app-iPadAir-74x55@2x.png */; };
		10A3BC291E5D4E540046669A /* icon-messages-app-iPhone-60x45@1x.png in Resources */ = {isa = PBXBuildFile; fileRef = 10A3BBF91E5D4E540046669A /* icon-messages-app-iPhone-60x45@1x.png */; };
		10A3BC2A1E5D4E540046669A /* icon-messages-app-iPhone-60x45@2x.png in Resources */ = {isa = PBXBuildFile; fileRef = 10A3BBFA1E5D4E540046669A /* icon-messages-app-iPhone-60x45@2x.png */; };
		10A3BC2B1E5D4E540046669A /* icon-messages-app-iPhone-60x45@3x.png in Resources */ = {isa = PBXBuildFile; fileRef = 10A3BBFB1E5D4E540046669A /* icon-messages-app-iPhone-60x45@3x.png */; };
		10A3BC2C1E5D4E540046669A /* icon-messages-app-store-1024x768.png in Resources */ = {isa = PBXBuildFile; fileRef = 10A3BBFC1E5D4E540046669A /* icon-messages-app-store-1024x768.png */; };
		10A3BC2D1E5D4E540046669A /* icon-messages-transcript-32x24@1x.png in Resources */ = {isa = PBXBuildFile; fileRef = 10A3BBFD1E5D4E540046669A /* icon-messages-transcript-32x24@1x.png */; };
		10A3BC2E1E5D4E540046669A /* icon-messages-transcript-32x24@2x.png in Resources */ = {isa = PBXBuildFile; fileRef = 10A3BBFE1E5D4E540046669A /* icon-messages-transcript-32x24@2x.png */; };
		10A3BC2F1E5D4E540046669A /* icon-messages-transcript-32x24@3x.png in Resources */ = {isa = PBXBuildFile; fileRef = 10A3BBFF1E5D4E540046669A /* icon-messages-transcript-32x24@3x.png */; };
		10A3BC301E5D4E540046669A /* Contents.json in Resources */ = {isa = PBXBuildFile; fileRef = 10A3BC021E5D4E540046669A /* Contents.json */; };
		10A3BC311E5D4E540046669A /* Icon-App-20x20@1x.png in Resources */ = {isa = PBXBuildFile; fileRef = 10A3BC031E5D4E540046669A /* Icon-App-20x20@1x.png */; };
		10A3BC321E5D4E540046669A /* Icon-App-20x20@2x.png in Resources */ = {isa = PBXBuildFile; fileRef = 10A3BC041E5D4E540046669A /* Icon-App-20x20@2x.png */; };
		10A3BC331E5D4E540046669A /* Icon-App-20x20@3x.png in Resources */ = {isa = PBXBuildFile; fileRef = 10A3BC051E5D4E540046669A /* Icon-App-20x20@3x.png */; };
		10A3BC341E5D4E540046669A /* Icon-App-29x29@1x.png in Resources */ = {isa = PBXBuildFile; fileRef = 10A3BC061E5D4E540046669A /* Icon-App-29x29@1x.png */; };
		10A3BC351E5D4E540046669A /* Icon-App-29x29@2x.png in Resources */ = {isa = PBXBuildFile; fileRef = 10A3BC071E5D4E540046669A /* Icon-App-29x29@2x.png */; };
		10A3BC361E5D4E540046669A /* Icon-App-29x29@3x.png in Resources */ = {isa = PBXBuildFile; fileRef = 10A3BC081E5D4E540046669A /* Icon-App-29x29@3x.png */; };
		10A3BC371E5D4E540046669A /* Icon-App-40x40@1x.png in Resources */ = {isa = PBXBuildFile; fileRef = 10A3BC091E5D4E540046669A /* Icon-App-40x40@1x.png */; };
		10A3BC381E5D4E540046669A /* Icon-App-40x40@2x.png in Resources */ = {isa = PBXBuildFile; fileRef = 10A3BC0A1E5D4E540046669A /* Icon-App-40x40@2x.png */; };
		10A3BC391E5D4E540046669A /* Icon-App-40x40@3x.png in Resources */ = {isa = PBXBuildFile; fileRef = 10A3BC0B1E5D4E540046669A /* Icon-App-40x40@3x.png */; };
		10A3BC3A1E5D4E540046669A /* Icon-App-57x57@1x.png in Resources */ = {isa = PBXBuildFile; fileRef = 10A3BC0C1E5D4E540046669A /* Icon-App-57x57@1x.png */; };
		10A3BC3B1E5D4E540046669A /* Icon-App-57x57@2x.png in Resources */ = {isa = PBXBuildFile; fileRef = 10A3BC0D1E5D4E540046669A /* Icon-App-57x57@2x.png */; };
		10A3BC3C1E5D4E540046669A /* Icon-App-60x60@1x.png in Resources */ = {isa = PBXBuildFile; fileRef = 10A3BC0E1E5D4E540046669A /* Icon-App-60x60@1x.png */; };
		10A3BC3D1E5D4E540046669A /* Icon-App-60x60@2x.png in Resources */ = {isa = PBXBuildFile; fileRef = 10A3BC0F1E5D4E540046669A /* Icon-App-60x60@2x.png */; };
		10A3BC3E1E5D4E540046669A /* Icon-App-60x60@3x.png in Resources */ = {isa = PBXBuildFile; fileRef = 10A3BC101E5D4E540046669A /* Icon-App-60x60@3x.png */; };
		10A3BC3F1E5D4E540046669A /* Icon-App-72x72@1x.png in Resources */ = {isa = PBXBuildFile; fileRef = 10A3BC111E5D4E540046669A /* Icon-App-72x72@1x.png */; };
		10A3BC401E5D4E540046669A /* Icon-App-72x72@2x.png in Resources */ = {isa = PBXBuildFile; fileRef = 10A3BC121E5D4E540046669A /* Icon-App-72x72@2x.png */; };
		10A3BC411E5D4E540046669A /* Icon-App-76x76@1x.png in Resources */ = {isa = PBXBuildFile; fileRef = 10A3BC131E5D4E540046669A /* Icon-App-76x76@1x.png */; };
		10A3BC421E5D4E540046669A /* Icon-App-76x76@2x.png in Resources */ = {isa = PBXBuildFile; fileRef = 10A3BC141E5D4E540046669A /* Icon-App-76x76@2x.png */; };
		10A3BC431E5D4E540046669A /* Icon-App-76x76@3x.png in Resources */ = {isa = PBXBuildFile; fileRef = 10A3BC151E5D4E540046669A /* Icon-App-76x76@3x.png */; };
		10A3BC441E5D4E540046669A /* Icon-App-83.5x83.5@2x.png in Resources */ = {isa = PBXBuildFile; fileRef = 10A3BC161E5D4E540046669A /* Icon-App-83.5x83.5@2x.png */; };
		10A3BC451E5D4E540046669A /* Icon-Small-50x50@1x.png in Resources */ = {isa = PBXBuildFile; fileRef = 10A3BC171E5D4E540046669A /* Icon-Small-50x50@1x.png */; };
		10A3BC461E5D4E540046669A /* Icon-Small-50x50@2x.png in Resources */ = {isa = PBXBuildFile; fileRef = 10A3BC181E5D4E540046669A /* Icon-Small-50x50@2x.png */; };
		10A3BC471E5D4E540046669A /* iTunesArtwork@1x.png in Resources */ = {isa = PBXBuildFile; fileRef = 10A3BC191E5D4E540046669A /* iTunesArtwork@1x.png */; };
		10A3BC481E5D4E540046669A /* iTunesArtwork@2x.png in Resources */ = {isa = PBXBuildFile; fileRef = 10A3BC1A1E5D4E540046669A /* iTunesArtwork@2x.png */; };
		10A3BC491E5D4E540046669A /* iTunesArtwork@3x.png in Resources */ = {isa = PBXBuildFile; fileRef = 10A3BC1B1E5D4E540046669A /* iTunesArtwork@3x.png */; };
		10A3BC4A1E5D4E540046669A /* README.md in Sources */ = {isa = PBXBuildFile; fileRef = 10A3BC1C1E5D4E540046669A /* README.md */; };
		10F8B7361E69C5C20036DFD6 /* SelectedCutView.swift in Sources */ = {isa = PBXBuildFile; fileRef = 10F8B7351E69C5C20036DFD6 /* SelectedCutView.swift */; };
		D00F81221E5DE7C600E23AC1 /* MeatLocker.swift in Sources */ = {isa = PBXBuildFile; fileRef = D00F81211E5DE7C600E23AC1 /* MeatLocker.swift */; };
		D00F81241E5DE82A00E23AC1 /* MeatSelection.swift in Sources */ = {isa = PBXBuildFile; fileRef = D00F81231E5DE82A00E23AC1 /* MeatSelection.swift */; };
		D00F81261E5DE84800E23AC1 /* TimerInstructionView.swift in Sources */ = {isa = PBXBuildFile; fileRef = D00F81251E5DE84800E23AC1 /* TimerInstructionView.swift */; };
		D04F02DA1E60886C00478ED7 /* Main.storyboard in Resources */ = {isa = PBXBuildFile; fileRef = D04F02D91E60886C00478ED7 /* Main.storyboard */; };
		D04F02DB1E60886C00478ED7 /* Main.storyboard in Resources */ = {isa = PBXBuildFile; fileRef = D04F02D91E60886C00478ED7 /* Main.storyboard */; };
		D04F02DC1E60886C00478ED7 /* Main.storyboard in Resources */ = {isa = PBXBuildFile; fileRef = D04F02D91E60886C00478ED7 /* Main.storyboard */; };
/* End PBXBuildFile section */

/* Begin PBXContainerItemProxy section */
		10A3BBC81E5C9B080046669A /* PBXContainerItemProxy */ = {
			isa = PBXContainerItemProxy;
			containerPortal = 10A3BBA81E5C9B030046669A /* Project object */;
			proxyType = 1;
			remoteGlobalIDString = 10A3BBAF1E5C9B030046669A;
			remoteInfo = "MeatTime™";
		};
		10A3BBD31E5C9B080046669A /* PBXContainerItemProxy */ = {
			isa = PBXContainerItemProxy;
			containerPortal = 10A3BBA81E5C9B030046669A /* Project object */;
			proxyType = 1;
			remoteGlobalIDString = 10A3BBAF1E5C9B030046669A;
			remoteInfo = "MeatTime™";
		};
/* End PBXContainerItemProxy section */

/* Begin PBXFileReference section */
		10290C561E63F5D800A374CF /* GrillinButton.png */ = {isa = PBXFileReference; lastKnownFileType = image.png; name = GrillinButton.png; path = MEATTIME/GrillinButton.png; sourceTree = "<group>"; };
		10290C581E63F97600A374CF /* SmokinButton.png */ = {isa = PBXFileReference; lastKnownFileType = image.png; path = SmokinButton.png; sourceTree = "<group>"; };
		10290C5A1E63FB0000A374CF /* meatTimeInAppLogo.png */ = {isa = PBXFileReference; lastKnownFileType = image.png; path = meatTimeInAppLogo.png; sourceTree = "<group>"; };
		10A3BBB01E5C9B030046669A /* MeatTime™.app */ = {isa = PBXFileReference; explicitFileType = wrapper.application; includeInIndex = 0; path = "MeatTime™.app"; sourceTree = BUILT_PRODUCTS_DIR; };
		10A3BBB31E5C9B040046669A /* AppDelegate.swift */ = {isa = PBXFileReference; lastKnownFileType = sourcecode.swift; path = AppDelegate.swift; sourceTree = "<group>"; };
		10A3BBB51E5C9B040046669A /* ViewController.swift */ = {isa = PBXFileReference; lastKnownFileType = sourcecode.swift; path = ViewController.swift; sourceTree = "<group>"; };
		10A3BBBB1E5C9B050046669A /* MeatTime_.xcdatamodel */ = {isa = PBXFileReference; lastKnownFileType = wrapper.xcdatamodel; path = MeatTime_.xcdatamodel; sourceTree = "<group>"; };
		10A3BBBD1E5C9B060046669A /* Assets.xcassets */ = {isa = PBXFileReference; lastKnownFileType = folder.assetcatalog; path = Assets.xcassets; sourceTree = "<group>"; };
		10A3BBC01E5C9B060046669A /* Base */ = {isa = PBXFileReference; lastKnownFileType = file.storyboard; name = Base; path = Base.lproj/LaunchScreen.storyboard; sourceTree = "<group>"; };
		10A3BBC21E5C9B060046669A /* Info.plist */ = {isa = PBXFileReference; lastKnownFileType = text.plist.xml; path = Info.plist; sourceTree = "<group>"; };
		10A3BBC71E5C9B080046669A /* MeatTime™Tests.xctest */ = {isa = PBXFileReference; explicitFileType = wrapper.cfbundle; includeInIndex = 0; path = "MeatTime™Tests.xctest"; sourceTree = BUILT_PRODUCTS_DIR; };
		10A3BBCB1E5C9B080046669A /* MeatTime_Tests.swift */ = {isa = PBXFileReference; lastKnownFileType = sourcecode.swift; path = MeatTime_Tests.swift; sourceTree = "<group>"; };
		10A3BBCD1E5C9B080046669A /* Info.plist */ = {isa = PBXFileReference; lastKnownFileType = text.plist.xml; path = Info.plist; sourceTree = "<group>"; };
		10A3BBD21E5C9B080046669A /* MeatTime™UITests.xctest */ = {isa = PBXFileReference; explicitFileType = wrapper.cfbundle; includeInIndex = 0; path = "MeatTime™UITests.xctest"; sourceTree = BUILT_PRODUCTS_DIR; };
		10A3BBD61E5C9B080046669A /* MeatTime_UITests.swift */ = {isa = PBXFileReference; lastKnownFileType = sourcecode.swift; path = MeatTime_UITests.swift; sourceTree = "<group>"; };
		10A3BBD81E5C9B080046669A /* Info.plist */ = {isa = PBXFileReference; lastKnownFileType = text.plist.xml; path = Info.plist; sourceTree = "<group>"; };
		10A3BBF41E5D4E540046669A /* icon-messages-app-27x20@1x.png */ = {isa = PBXFileReference; lastKnownFileType = image.png; path = "icon-messages-app-27x20@1x.png"; sourceTree = "<group>"; };
		10A3BBF51E5D4E540046669A /* icon-messages-app-27x20@2x.png */ = {isa = PBXFileReference; lastKnownFileType = image.png; path = "icon-messages-app-27x20@2x.png"; sourceTree = "<group>"; };
		10A3BBF61E5D4E540046669A /* icon-messages-app-27x20@3x.png */ = {isa = PBXFileReference; lastKnownFileType = image.png; path = "icon-messages-app-27x20@3x.png"; sourceTree = "<group>"; };
		10A3BBF71E5D4E540046669A /* icon-messages-app-iPadAir-67x50@2x.png */ = {isa = PBXFileReference; lastKnownFileType = image.png; path = "icon-messages-app-iPadAir-67x50@2x.png"; sourceTree = "<group>"; };
		10A3BBF81E5D4E540046669A /* icon-messages-app-iPadAir-74x55@2x.png */ = {isa = PBXFileReference; lastKnownFileType = image.png; path = "icon-messages-app-iPadAir-74x55@2x.png"; sourceTree = "<group>"; };
		10A3BBF91E5D4E540046669A /* icon-messages-app-iPhone-60x45@1x.png */ = {isa = PBXFileReference; lastKnownFileType = image.png; path = "icon-messages-app-iPhone-60x45@1x.png"; sourceTree = "<group>"; };
		10A3BBFA1E5D4E540046669A /* icon-messages-app-iPhone-60x45@2x.png */ = {isa = PBXFileReference; lastKnownFileType = image.png; path = "icon-messages-app-iPhone-60x45@2x.png"; sourceTree = "<group>"; };
		10A3BBFB1E5D4E540046669A /* icon-messages-app-iPhone-60x45@3x.png */ = {isa = PBXFileReference; lastKnownFileType = image.png; path = "icon-messages-app-iPhone-60x45@3x.png"; sourceTree = "<group>"; };
		10A3BBFC1E5D4E540046669A /* icon-messages-app-store-1024x768.png */ = {isa = PBXFileReference; lastKnownFileType = image.png; path = "icon-messages-app-store-1024x768.png"; sourceTree = "<group>"; };
		10A3BBFD1E5D4E540046669A /* icon-messages-transcript-32x24@1x.png */ = {isa = PBXFileReference; lastKnownFileType = image.png; path = "icon-messages-transcript-32x24@1x.png"; sourceTree = "<group>"; };
		10A3BBFE1E5D4E540046669A /* icon-messages-transcript-32x24@2x.png */ = {isa = PBXFileReference; lastKnownFileType = image.png; path = "icon-messages-transcript-32x24@2x.png"; sourceTree = "<group>"; };
		10A3BBFF1E5D4E540046669A /* icon-messages-transcript-32x24@3x.png */ = {isa = PBXFileReference; lastKnownFileType = image.png; path = "icon-messages-transcript-32x24@3x.png"; sourceTree = "<group>"; };
		10A3BC021E5D4E540046669A /* Contents.json */ = {isa = PBXFileReference; fileEncoding = 4; lastKnownFileType = text.json; path = Contents.json; sourceTree = "<group>"; };
		10A3BC031E5D4E540046669A /* Icon-App-20x20@1x.png */ = {isa = PBXFileReference; lastKnownFileType = image.png; path = "Icon-App-20x20@1x.png"; sourceTree = "<group>"; };
		10A3BC041E5D4E540046669A /* Icon-App-20x20@2x.png */ = {isa = PBXFileReference; lastKnownFileType = image.png; path = "Icon-App-20x20@2x.png"; sourceTree = "<group>"; };
		10A3BC051E5D4E540046669A /* Icon-App-20x20@3x.png */ = {isa = PBXFileReference; lastKnownFileType = image.png; path = "Icon-App-20x20@3x.png"; sourceTree = "<group>"; };
		10A3BC061E5D4E540046669A /* Icon-App-29x29@1x.png */ = {isa = PBXFileReference; lastKnownFileType = image.png; path = "Icon-App-29x29@1x.png"; sourceTree = "<group>"; };
		10A3BC071E5D4E540046669A /* Icon-App-29x29@2x.png */ = {isa = PBXFileReference; lastKnownFileType = image.png; path = "Icon-App-29x29@2x.png"; sourceTree = "<group>"; };
		10A3BC081E5D4E540046669A /* Icon-App-29x29@3x.png */ = {isa = PBXFileReference; lastKnownFileType = image.png; path = "Icon-App-29x29@3x.png"; sourceTree = "<group>"; };
		10A3BC091E5D4E540046669A /* Icon-App-40x40@1x.png */ = {isa = PBXFileReference; lastKnownFileType = image.png; path = "Icon-App-40x40@1x.png"; sourceTree = "<group>"; };
		10A3BC0A1E5D4E540046669A /* Icon-App-40x40@2x.png */ = {isa = PBXFileReference; lastKnownFileType = image.png; path = "Icon-App-40x40@2x.png"; sourceTree = "<group>"; };
		10A3BC0B1E5D4E540046669A /* Icon-App-40x40@3x.png */ = {isa = PBXFileReference; lastKnownFileType = image.png; path = "Icon-App-40x40@3x.png"; sourceTree = "<group>"; };
		10A3BC0C1E5D4E540046669A /* Icon-App-57x57@1x.png */ = {isa = PBXFileReference; lastKnownFileType = image.png; path = "Icon-App-57x57@1x.png"; sourceTree = "<group>"; };
		10A3BC0D1E5D4E540046669A /* Icon-App-57x57@2x.png */ = {isa = PBXFileReference; lastKnownFileType = image.png; path = "Icon-App-57x57@2x.png"; sourceTree = "<group>"; };
		10A3BC0E1E5D4E540046669A /* Icon-App-60x60@1x.png */ = {isa = PBXFileReference; lastKnownFileType = image.png; path = "Icon-App-60x60@1x.png"; sourceTree = "<group>"; };
		10A3BC0F1E5D4E540046669A /* Icon-App-60x60@2x.png */ = {isa = PBXFileReference; lastKnownFileType = image.png; path = "Icon-App-60x60@2x.png"; sourceTree = "<group>"; };
		10A3BC101E5D4E540046669A /* Icon-App-60x60@3x.png */ = {isa = PBXFileReference; lastKnownFileType = image.png; path = "Icon-App-60x60@3x.png"; sourceTree = "<group>"; };
		10A3BC111E5D4E540046669A /* Icon-App-72x72@1x.png */ = {isa = PBXFileReference; lastKnownFileType = image.png; path = "Icon-App-72x72@1x.png"; sourceTree = "<group>"; };
		10A3BC121E5D4E540046669A /* Icon-App-72x72@2x.png */ = {isa = PBXFileReference; lastKnownFileType = image.png; path = "Icon-App-72x72@2x.png"; sourceTree = "<group>"; };
		10A3BC131E5D4E540046669A /* Icon-App-76x76@1x.png */ = {isa = PBXFileReference; lastKnownFileType = image.png; path = "Icon-App-76x76@1x.png"; sourceTree = "<group>"; };
		10A3BC141E5D4E540046669A /* Icon-App-76x76@2x.png */ = {isa = PBXFileReference; lastKnownFileType = image.png; path = "Icon-App-76x76@2x.png"; sourceTree = "<group>"; };
		10A3BC151E5D4E540046669A /* Icon-App-76x76@3x.png */ = {isa = PBXFileReference; lastKnownFileType = image.png; path = "Icon-App-76x76@3x.png"; sourceTree = "<group>"; };
		10A3BC161E5D4E540046669A /* Icon-App-83.5x83.5@2x.png */ = {isa = PBXFileReference; lastKnownFileType = image.png; path = "Icon-App-83.5x83.5@2x.png"; sourceTree = "<group>"; };
		10A3BC171E5D4E540046669A /* Icon-Small-50x50@1x.png */ = {isa = PBXFileReference; lastKnownFileType = image.png; path = "Icon-Small-50x50@1x.png"; sourceTree = "<group>"; };
		10A3BC181E5D4E540046669A /* Icon-Small-50x50@2x.png */ = {isa = PBXFileReference; lastKnownFileType = image.png; path = "Icon-Small-50x50@2x.png"; sourceTree = "<group>"; };
		10A3BC191E5D4E540046669A /* iTunesArtwork@1x.png */ = {isa = PBXFileReference; lastKnownFileType = image.png; path = "iTunesArtwork@1x.png"; sourceTree = "<group>"; };
		10A3BC1A1E5D4E540046669A /* iTunesArtwork@2x.png */ = {isa = PBXFileReference; lastKnownFileType = image.png; path = "iTunesArtwork@2x.png"; sourceTree = "<group>"; };
		10A3BC1B1E5D4E540046669A /* iTunesArtwork@3x.png */ = {isa = PBXFileReference; lastKnownFileType = image.png; path = "iTunesArtwork@3x.png"; sourceTree = "<group>"; };
		10A3BC1C1E5D4E540046669A /* README.md */ = {isa = PBXFileReference; fileEncoding = 4; lastKnownFileType = net.daringfireball.markdown; path = README.md; sourceTree = "<group>"; };
		10F8B7351E69C5C20036DFD6 /* SelectedCutView.swift */ = {isa = PBXFileReference; fileEncoding = 4; lastKnownFileType = sourcecode.swift; path = SelectedCutView.swift; sourceTree = "<group>"; };
		D00F81211E5DE7C600E23AC1 /* MeatLocker.swift */ = {isa = PBXFileReference; fileEncoding = 4; lastKnownFileType = sourcecode.swift; path = MeatLocker.swift; sourceTree = "<group>"; };
		D00F81231E5DE82A00E23AC1 /* MeatSelection.swift */ = {isa = PBXFileReference; fileEncoding = 4; lastKnownFileType = sourcecode.swift; path = MeatSelection.swift; sourceTree = "<group>"; };
		D00F81251E5DE84800E23AC1 /* TimerInstructionView.swift */ = {isa = PBXFileReference; fileEncoding = 4; lastKnownFileType = sourcecode.swift; path = TimerInstructionView.swift; sourceTree = "<group>"; };
		D04F02D91E60886C00478ED7 /* Main.storyboard */ = {isa = PBXFileReference; fileEncoding = 4; lastKnownFileType = file.storyboard; path = Main.storyboard; sourceTree = "<group>"; };
/* End PBXFileReference section */

/* Begin PBXFrameworksBuildPhase section */
		10A3BBAD1E5C9B030046669A /* Frameworks */ = {
			isa = PBXFrameworksBuildPhase;
			buildActionMask = 2147483647;
			files = (
			);
			runOnlyForDeploymentPostprocessing = 0;
		};
		10A3BBC41E5C9B080046669A /* Frameworks */ = {
			isa = PBXFrameworksBuildPhase;
			buildActionMask = 2147483647;
			files = (
			);
			runOnlyForDeploymentPostprocessing = 0;
		};
		10A3BBCF1E5C9B080046669A /* Frameworks */ = {
			isa = PBXFrameworksBuildPhase;
			buildActionMask = 2147483647;
			files = (
			);
			runOnlyForDeploymentPostprocessing = 0;
		};
/* End PBXFrameworksBuildPhase section */

/* Begin PBXGroup section */
		10A3BBA71E5C9B030046669A = {
			isa = PBXGroup;
			children = (
				10A3BBB21E5C9B030046669A /* MeatTime™ */,
				10A3BBCA1E5C9B080046669A /* MeatTime™Tests */,
				10A3BBD51E5C9B080046669A /* MeatTime™UITests */,
				10A3BBB11E5C9B030046669A /* Products */,
				10290C581E63F97600A374CF /* SmokinButton.png */,
				10290C5A1E63FB0000A374CF /* meatTimeInAppLogo.png */,
				10290C561E63F5D800A374CF /* GrillinButton.png */,
				10A3BBE41E5D4E540046669A /* MEATTIMEICONS */,
			);
			sourceTree = "<group>";
		};
		10A3BBB11E5C9B030046669A /* Products */ = {
			isa = PBXGroup;
			children = (
				10A3BBB01E5C9B030046669A /* MeatTime™.app */,
				10A3BBC71E5C9B080046669A /* MeatTime™Tests.xctest */,
				10A3BBD21E5C9B080046669A /* MeatTime™UITests.xctest */,
			);
			name = Products;
			sourceTree = "<group>";
		};
		10A3BBB21E5C9B030046669A /* MeatTime™ */ = {
			isa = PBXGroup;
			children = (
				10A3BBB31E5C9B040046669A /* AppDelegate.swift */,
				10A3BBB51E5C9B040046669A /* ViewController.swift */,
				D00F81231E5DE82A00E23AC1 /* MeatSelection.swift */,
				10F8B7351E69C5C20036DFD6 /* SelectedCutView.swift */,
				D00F81251E5DE84800E23AC1 /* TimerInstructionView.swift */,
				D00F81211E5DE7C600E23AC1 /* MeatLocker.swift */,
				D04F02D91E60886C00478ED7 /* Main.storyboard */,
				10A3BBBD1E5C9B060046669A /* Assets.xcassets */,
				10A3BBBF1E5C9B060046669A /* LaunchScreen.storyboard */,
				10A3BBC21E5C9B060046669A /* Info.plist */,
				10A3BBBA1E5C9B050046669A /* MeatTime_.xcdatamodeld */,
			);
			path = "MeatTime™";
			sourceTree = "<group>";
		};
		10A3BBCA1E5C9B080046669A /* MeatTime™Tests */ = {
			isa = PBXGroup;
			children = (
				10A3BBCB1E5C9B080046669A /* MeatTime_Tests.swift */,
				10A3BBCD1E5C9B080046669A /* Info.plist */,
			);
			path = "MeatTime™Tests";
			sourceTree = "<group>";
		};
		10A3BBD51E5C9B080046669A /* MeatTime™UITests */ = {
			isa = PBXGroup;
			children = (
				10A3BBD61E5C9B080046669A /* MeatTime_UITests.swift */,
				10A3BBD81E5C9B080046669A /* Info.plist */,
			);
			path = "MeatTime™UITests";
			sourceTree = "<group>";
		};
		10A3BBE41E5D4E540046669A /* MEATTIMEICONS */ = {
			isa = PBXGroup;
			children = (
				10A3BBF31E5D4E540046669A /* imessenger */,
				10A3BC001E5D4E540046669A /* ios */,
			);
			name = MEATTIMEICONS;
			path = MEATTIME;
			sourceTree = "<group>";
		};
		10A3BBF31E5D4E540046669A /* imessenger */ = {
			isa = PBXGroup;
			children = (
				10A3BBF41E5D4E540046669A /* icon-messages-app-27x20@1x.png */,
				10A3BBF51E5D4E540046669A /* icon-messages-app-27x20@2x.png */,
				10A3BBF61E5D4E540046669A /* icon-messages-app-27x20@3x.png */,
				10A3BBF71E5D4E540046669A /* icon-messages-app-iPadAir-67x50@2x.png */,
				10A3BBF81E5D4E540046669A /* icon-messages-app-iPadAir-74x55@2x.png */,
				10A3BBF91E5D4E540046669A /* icon-messages-app-iPhone-60x45@1x.png */,
				10A3BBFA1E5D4E540046669A /* icon-messages-app-iPhone-60x45@2x.png */,
				10A3BBFB1E5D4E540046669A /* icon-messages-app-iPhone-60x45@3x.png */,
				10A3BBFC1E5D4E540046669A /* icon-messages-app-store-1024x768.png */,
				10A3BBFD1E5D4E540046669A /* icon-messages-transcript-32x24@1x.png */,
				10A3BBFE1E5D4E540046669A /* icon-messages-transcript-32x24@2x.png */,
				10A3BBFF1E5D4E540046669A /* icon-messages-transcript-32x24@3x.png */,
			);
			path = imessenger;
			sourceTree = "<group>";
		};
		10A3BC001E5D4E540046669A /* ios */ = {
			isa = PBXGroup;
			children = (
				10A3BC011E5D4E540046669A /* AppIcon.appiconset */,
				10A3BC191E5D4E540046669A /* iTunesArtwork@1x.png */,
				10A3BC1A1E5D4E540046669A /* iTunesArtwork@2x.png */,
				10A3BC1B1E5D4E540046669A /* iTunesArtwork@3x.png */,
				10A3BC1C1E5D4E540046669A /* README.md */,
			);
			path = ios;
			sourceTree = "<group>";
		};
		10A3BC011E5D4E540046669A /* AppIcon.appiconset */ = {
			isa = PBXGroup;
			children = (
				10A3BC021E5D4E540046669A /* Contents.json */,
				10A3BC031E5D4E540046669A /* Icon-App-20x20@1x.png */,
				10A3BC041E5D4E540046669A /* Icon-App-20x20@2x.png */,
				10A3BC051E5D4E540046669A /* Icon-App-20x20@3x.png */,
				10A3BC061E5D4E540046669A /* Icon-App-29x29@1x.png */,
				10A3BC071E5D4E540046669A /* Icon-App-29x29@2x.png */,
				10A3BC081E5D4E540046669A /* Icon-App-29x29@3x.png */,
				10A3BC091E5D4E540046669A /* Icon-App-40x40@1x.png */,
				10A3BC0A1E5D4E540046669A /* Icon-App-40x40@2x.png */,
				10A3BC0B1E5D4E540046669A /* Icon-App-40x40@3x.png */,
				10A3BC0C1E5D4E540046669A /* Icon-App-57x57@1x.png */,
				10A3BC0D1E5D4E540046669A /* Icon-App-57x57@2x.png */,
				10A3BC0E1E5D4E540046669A /* Icon-App-60x60@1x.png */,
				10A3BC0F1E5D4E540046669A /* Icon-App-60x60@2x.png */,
				10A3BC101E5D4E540046669A /* Icon-App-60x60@3x.png */,
				10A3BC111E5D4E540046669A /* Icon-App-72x72@1x.png */,
				10A3BC121E5D4E540046669A /* Icon-App-72x72@2x.png */,
				10A3BC131E5D4E540046669A /* Icon-App-76x76@1x.png */,
				10A3BC141E5D4E540046669A /* Icon-App-76x76@2x.png */,
				10A3BC151E5D4E540046669A /* Icon-App-76x76@3x.png */,
				10A3BC161E5D4E540046669A /* Icon-App-83.5x83.5@2x.png */,
				10A3BC171E5D4E540046669A /* Icon-Small-50x50@1x.png */,
				10A3BC181E5D4E540046669A /* Icon-Small-50x50@2x.png */,
			);
			path = AppIcon.appiconset;
			sourceTree = "<group>";
		};
/* End PBXGroup section */

/* Begin PBXNativeTarget section */
		10A3BBAF1E5C9B030046669A /* MeatTime™ */ = {
			isa = PBXNativeTarget;
			buildConfigurationList = 10A3BBDB1E5C9B080046669A /* Build configuration list for PBXNativeTarget "MeatTime™" */;
			buildPhases = (
				10A3BBAC1E5C9B030046669A /* Sources */,
				10A3BBAD1E5C9B030046669A /* Frameworks */,
				10A3BBAE1E5C9B030046669A /* Resources */,
			);
			buildRules = (
			);
			dependencies = (
			);
			name = "MeatTime™";
			productName = "MeatTime™";
			productReference = 10A3BBB01E5C9B030046669A /* MeatTime™.app */;
			productType = "com.apple.product-type.application";
		};
		10A3BBC61E5C9B080046669A /* MeatTime™Tests */ = {
			isa = PBXNativeTarget;
			buildConfigurationList = 10A3BBDE1E5C9B080046669A /* Build configuration list for PBXNativeTarget "MeatTime™Tests" */;
			buildPhases = (
				10A3BBC31E5C9B080046669A /* Sources */,
				10A3BBC41E5C9B080046669A /* Frameworks */,
				10A3BBC51E5C9B080046669A /* Resources */,
			);
			buildRules = (
			);
			dependencies = (
				10A3BBC91E5C9B080046669A /* PBXTargetDependency */,
			);
			name = "MeatTime™Tests";
			productName = "MeatTime™Tests";
			productReference = 10A3BBC71E5C9B080046669A /* MeatTime™Tests.xctest */;
			productType = "com.apple.product-type.bundle.unit-test";
		};
		10A3BBD11E5C9B080046669A /* MeatTime™UITests */ = {
			isa = PBXNativeTarget;
			buildConfigurationList = 10A3BBE11E5C9B080046669A /* Build configuration list for PBXNativeTarget "MeatTime™UITests" */;
			buildPhases = (
				10A3BBCE1E5C9B080046669A /* Sources */,
				10A3BBCF1E5C9B080046669A /* Frameworks */,
				10A3BBD01E5C9B080046669A /* Resources */,
			);
			buildRules = (
			);
			dependencies = (
				10A3BBD41E5C9B080046669A /* PBXTargetDependency */,
			);
			name = "MeatTime™UITests";
			productName = "MeatTime™UITests";
			productReference = 10A3BBD21E5C9B080046669A /* MeatTime™UITests.xctest */;
			productType = "com.apple.product-type.bundle.ui-testing";
		};
/* End PBXNativeTarget section */

/* Begin PBXProject section */
		10A3BBA81E5C9B030046669A /* Project object */ = {
			isa = PBXProject;
			attributes = {
				LastSwiftUpdateCheck = 0820;
				LastUpgradeCheck = 0820;
				ORGANIZATIONNAME = "Ty and Ler";
				TargetAttributes = {
					10A3BBAF1E5C9B030046669A = {
						CreatedOnToolsVersion = 8.2.1;
						DevelopmentTeam = VG5C2F796N;
						ProvisioningStyle = Automatic;
					};
					10A3BBC61E5C9B080046669A = {
						CreatedOnToolsVersion = 8.2.1;
						DevelopmentTeam = SS74D43GDA;
						ProvisioningStyle = Automatic;
						TestTargetID = 10A3BBAF1E5C9B030046669A;
					};
					10A3BBD11E5C9B080046669A = {
						CreatedOnToolsVersion = 8.2.1;
						DevelopmentTeam = SS74D43GDA;
						ProvisioningStyle = Automatic;
						TestTargetID = 10A3BBAF1E5C9B030046669A;
					};
				};
			};
			buildConfigurationList = 10A3BBAB1E5C9B030046669A /* Build configuration list for PBXProject "MeatTime™" */;
			compatibilityVersion = "Xcode 3.2";
			developmentRegion = English;
			hasScannedForEncodings = 0;
			knownRegions = (
				en,
				Base,
			);
			mainGroup = 10A3BBA71E5C9B030046669A;
			productRefGroup = 10A3BBB11E5C9B030046669A /* Products */;
			projectDirPath = "";
			projectRoot = "";
			targets = (
				10A3BBAF1E5C9B030046669A /* MeatTime™ */,
				10A3BBC61E5C9B080046669A /* MeatTime™Tests */,
				10A3BBD11E5C9B080046669A /* MeatTime™UITests */,
			);
		};
/* End PBXProject section */

/* Begin PBXResourcesBuildPhase section */
		10A3BBAE1E5C9B030046669A /* Resources */ = {
			isa = PBXResourcesBuildPhase;
			buildActionMask = 2147483647;
			files = (
				10A3BC2F1E5D4E540046669A /* icon-messages-transcript-32x24@3x.png in Resources */,
				10A3BBC11E5C9B060046669A /* LaunchScreen.storyboard in Resources */,
				D04F02DA1E60886C00478ED7 /* Main.storyboard in Resources */,
				10A3BC3A1E5D4E540046669A /* Icon-App-57x57@1x.png in Resources */,
				10A3BC291E5D4E540046669A /* icon-messages-app-iPhone-60x45@1x.png in Resources */,
				10A3BC491E5D4E540046669A /* iTunesArtwork@3x.png in Resources */,
				10A3BC271E5D4E540046669A /* icon-messages-app-iPadAir-67x50@2x.png in Resources */,
				10290C5B1E63FB0000A374CF /* meatTimeInAppLogo.png in Resources */,
				10A3BC2E1E5D4E540046669A /* icon-messages-transcript-32x24@2x.png in Resources */,
				10A3BC411E5D4E540046669A /* Icon-App-76x76@1x.png in Resources */,
				10A3BC251E5D4E540046669A /* icon-messages-app-27x20@2x.png in Resources */,
				10A3BC351E5D4E540046669A /* Icon-App-29x29@2x.png in Resources */,
				10290C591E63F97600A374CF /* SmokinButton.png in Resources */,
				10A3BC431E5D4E540046669A /* Icon-App-76x76@3x.png in Resources */,
				10A3BBBE1E5C9B060046669A /* Assets.xcassets in Resources */,
				10A3BC2A1E5D4E540046669A /* icon-messages-app-iPhone-60x45@2x.png in Resources */,
				10A3BC3E1E5D4E540046669A /* Icon-App-60x60@3x.png in Resources */,
				10A3BC241E5D4E540046669A /* icon-messages-app-27x20@1x.png in Resources */,
				10A3BC2D1E5D4E540046669A /* icon-messages-transcript-32x24@1x.png in Resources */,
				10A3BC401E5D4E540046669A /* Icon-App-72x72@2x.png in Resources */,
				10A3BC321E5D4E540046669A /* Icon-App-20x20@2x.png in Resources */,
				10A3BC3C1E5D4E540046669A /* Icon-App-60x60@1x.png in Resources */,
				10A3BC441E5D4E540046669A /* Icon-App-83.5x83.5@2x.png in Resources */,
				10A3BC3B1E5D4E540046669A /* Icon-App-57x57@2x.png in Resources */,
				10A3BC3F1E5D4E540046669A /* Icon-App-72x72@1x.png in Resources */,
				10290C571E63F5D800A374CF /* GrillinButton.png in Resources */,
				10A3BC3D1E5D4E540046669A /* Icon-App-60x60@2x.png in Resources */,
				10A3BC371E5D4E540046669A /* Icon-App-40x40@1x.png in Resources */,
				10A3BC461E5D4E540046669A /* Icon-Small-50x50@2x.png in Resources */,
				10A3BC2B1E5D4E540046669A /* icon-messages-app-iPhone-60x45@3x.png in Resources */,
				10A3BC421E5D4E540046669A /* Icon-App-76x76@2x.png in Resources */,
				10A3BC341E5D4E540046669A /* Icon-App-29x29@1x.png in Resources */,
				10A3BC261E5D4E540046669A /* icon-messages-app-27x20@3x.png in Resources */,
				10A3BC311E5D4E540046669A /* Icon-App-20x20@1x.png in Resources */,
				10A3BC301E5D4E540046669A /* Contents.json in Resources */,
				10A3BC391E5D4E540046669A /* Icon-App-40x40@3x.png in Resources */,
				10A3BC2C1E5D4E540046669A /* icon-messages-app-store-1024x768.png in Resources */,
				10A3BC361E5D4E540046669A /* Icon-App-29x29@3x.png in Resources */,
				10A3BC331E5D4E540046669A /* Icon-App-20x20@3x.png in Resources */,
				10A3BC281E5D4E540046669A /* icon-messages-app-iPadAir-74x55@2x.png in Resources */,
				10A3BC381E5D4E540046669A /* Icon-App-40x40@2x.png in Resources */,
				10A3BC451E5D4E540046669A /* Icon-Small-50x50@1x.png in Resources */,
				10A3BC481E5D4E540046669A /* iTunesArtwork@2x.png in Resources */,
				10A3BC471E5D4E540046669A /* iTunesArtwork@1x.png in Resources */,
			);
			runOnlyForDeploymentPostprocessing = 0;
		};
		10A3BBC51E5C9B080046669A /* Resources */ = {
			isa = PBXResourcesBuildPhase;
			buildActionMask = 2147483647;
			files = (
				D04F02DB1E60886C00478ED7 /* Main.storyboard in Resources */,
			);
			runOnlyForDeploymentPostprocessing = 0;
		};
		10A3BBD01E5C9B080046669A /* Resources */ = {
			isa = PBXResourcesBuildPhase;
			buildActionMask = 2147483647;
			files = (
				D04F02DC1E60886C00478ED7 /* Main.storyboard in Resources */,
			);
			runOnlyForDeploymentPostprocessing = 0;
		};
/* End PBXResourcesBuildPhase section */

/* Begin PBXSourcesBuildPhase section */
		10A3BBAC1E5C9B030046669A /* Sources */ = {
			isa = PBXSourcesBuildPhase;
			buildActionMask = 2147483647;
			files = (
				10F8B7361E69C5C20036DFD6 /* SelectedCutView.swift in Sources */,
				D00F81221E5DE7C600E23AC1 /* MeatLocker.swift in Sources */,
				10A3BBB61E5C9B040046669A /* ViewController.swift in Sources */,
				D00F81261E5DE84800E23AC1 /* TimerInstructionView.swift in Sources */,
				10A3BBBC1E5C9B050046669A /* MeatTime_.xcdatamodeld in Sources */,
				D00F81241E5DE82A00E23AC1 /* MeatSelection.swift in Sources */,
				10A3BC4A1E5D4E540046669A /* README.md in Sources */,
				10A3BBB41E5C9B040046669A /* AppDelegate.swift in Sources */,
			);
			runOnlyForDeploymentPostprocessing = 0;
		};
		10A3BBC31E5C9B080046669A /* Sources */ = {
			isa = PBXSourcesBuildPhase;
			buildActionMask = 2147483647;
			files = (
				10A3BBCC1E5C9B080046669A /* MeatTime_Tests.swift in Sources */,
			);
			runOnlyForDeploymentPostprocessing = 0;
		};
		10A3BBCE1E5C9B080046669A /* Sources */ = {
			isa = PBXSourcesBuildPhase;
			buildActionMask = 2147483647;
			files = (
				10A3BBD71E5C9B080046669A /* MeatTime_UITests.swift in Sources */,
			);
			runOnlyForDeploymentPostprocessing = 0;
		};
/* End PBXSourcesBuildPhase section */

/* Begin PBXTargetDependency section */
		10A3BBC91E5C9B080046669A /* PBXTargetDependency */ = {
			isa = PBXTargetDependency;
			target = 10A3BBAF1E5C9B030046669A /* MeatTime™ */;
			targetProxy = 10A3BBC81E5C9B080046669A /* PBXContainerItemProxy */;
		};
		10A3BBD41E5C9B080046669A /* PBXTargetDependency */ = {
			isa = PBXTargetDependency;
			target = 10A3BBAF1E5C9B030046669A /* MeatTime™ */;
			targetProxy = 10A3BBD31E5C9B080046669A /* PBXContainerItemProxy */;
		};
/* End PBXTargetDependency section */

/* Begin PBXVariantGroup section */
		10A3BBBF1E5C9B060046669A /* LaunchScreen.storyboard */ = {
			isa = PBXVariantGroup;
			children = (
				10A3BBC01E5C9B060046669A /* Base */,
			);
			name = LaunchScreen.storyboard;
			sourceTree = "<group>";
		};
/* End PBXVariantGroup section */

/* Begin XCBuildConfiguration section */
		10A3BBD91E5C9B080046669A /* Debug */ = {
			isa = XCBuildConfiguration;
			buildSettings = {
				ALWAYS_SEARCH_USER_PATHS = NO;
				CLANG_ANALYZER_NONNULL = YES;
				CLANG_CXX_LANGUAGE_STANDARD = "gnu++0x";
				CLANG_CXX_LIBRARY = "libc++";
				CLANG_ENABLE_MODULES = YES;
				CLANG_ENABLE_OBJC_ARC = YES;
				CLANG_WARN_BOOL_CONVERSION = YES;
				CLANG_WARN_CONSTANT_CONVERSION = YES;
				CLANG_WARN_DIRECT_OBJC_ISA_USAGE = YES_ERROR;
				CLANG_WARN_DOCUMENTATION_COMMENTS = YES;
				CLANG_WARN_EMPTY_BODY = YES;
				CLANG_WARN_ENUM_CONVERSION = YES;
				CLANG_WARN_INFINITE_RECURSION = YES;
				CLANG_WARN_INT_CONVERSION = YES;
				CLANG_WARN_OBJC_ROOT_CLASS = YES_ERROR;
				CLANG_WARN_SUSPICIOUS_MOVE = YES;
				CLANG_WARN_UNREACHABLE_CODE = YES;
				CLANG_WARN__DUPLICATE_METHOD_MATCH = YES;
				"CODE_SIGN_IDENTITY[sdk=iphoneos*]" = "iPhone Developer";
				COPY_PHASE_STRIP = NO;
				DEBUG_INFORMATION_FORMAT = dwarf;
				ENABLE_STRICT_OBJC_MSGSEND = YES;
				ENABLE_TESTABILITY = YES;
				GCC_C_LANGUAGE_STANDARD = gnu99;
				GCC_DYNAMIC_NO_PIC = NO;
				GCC_NO_COMMON_BLOCKS = YES;
				GCC_OPTIMIZATION_LEVEL = 0;
				GCC_PREPROCESSOR_DEFINITIONS = (
					"DEBUG=1",
					"$(inherited)",
				);
				GCC_WARN_64_TO_32_BIT_CONVERSION = YES;
				GCC_WARN_ABOUT_RETURN_TYPE = YES_ERROR;
				GCC_WARN_UNDECLARED_SELECTOR = YES;
				GCC_WARN_UNINITIALIZED_AUTOS = YES_AGGRESSIVE;
				GCC_WARN_UNUSED_FUNCTION = YES;
				GCC_WARN_UNUSED_VARIABLE = YES;
				IPHONEOS_DEPLOYMENT_TARGET = 10.2;
				MTL_ENABLE_DEBUG_INFO = YES;
				ONLY_ACTIVE_ARCH = YES;
				SDKROOT = iphoneos;
				SWIFT_ACTIVE_COMPILATION_CONDITIONS = DEBUG;
				SWIFT_OPTIMIZATION_LEVEL = "-Onone";
				TARGETED_DEVICE_FAMILY = "1,2";
			};
			name = Debug;
		};
		10A3BBDA1E5C9B080046669A /* Release */ = {
			isa = XCBuildConfiguration;
			buildSettings = {
				ALWAYS_SEARCH_USER_PATHS = NO;
				CLANG_ANALYZER_NONNULL = YES;
				CLANG_CXX_LANGUAGE_STANDARD = "gnu++0x";
				CLANG_CXX_LIBRARY = "libc++";
				CLANG_ENABLE_MODULES = YES;
				CLANG_ENABLE_OBJC_ARC = YES;
				CLANG_WARN_BOOL_CONVERSION = YES;
				CLANG_WARN_CONSTANT_CONVERSION = YES;
				CLANG_WARN_DIRECT_OBJC_ISA_USAGE = YES_ERROR;
				CLANG_WARN_DOCUMENTATION_COMMENTS = YES;
				CLANG_WARN_EMPTY_BODY = YES;
				CLANG_WARN_ENUM_CONVERSION = YES;
				CLANG_WARN_INFINITE_RECURSION = YES;
				CLANG_WARN_INT_CONVERSION = YES;
				CLANG_WARN_OBJC_ROOT_CLASS = YES_ERROR;
				CLANG_WARN_SUSPICIOUS_MOVE = YES;
				CLANG_WARN_UNREACHABLE_CODE = YES;
				CLANG_WARN__DUPLICATE_METHOD_MATCH = YES;
				"CODE_SIGN_IDENTITY[sdk=iphoneos*]" = "iPhone Developer";
				COPY_PHASE_STRIP = NO;
				DEBUG_INFORMATION_FORMAT = "dwarf-with-dsym";
				ENABLE_NS_ASSERTIONS = NO;
				ENABLE_STRICT_OBJC_MSGSEND = YES;
				GCC_C_LANGUAGE_STANDARD = gnu99;
				GCC_NO_COMMON_BLOCKS = YES;
				GCC_WARN_64_TO_32_BIT_CONVERSION = YES;
				GCC_WARN_ABOUT_RETURN_TYPE = YES_ERROR;
				GCC_WARN_UNDECLARED_SELECTOR = YES;
				GCC_WARN_UNINITIALIZED_AUTOS = YES_AGGRESSIVE;
				GCC_WARN_UNUSED_FUNCTION = YES;
				GCC_WARN_UNUSED_VARIABLE = YES;
				IPHONEOS_DEPLOYMENT_TARGET = 10.2;
				MTL_ENABLE_DEBUG_INFO = NO;
				SDKROOT = iphoneos;
				SWIFT_OPTIMIZATION_LEVEL = "-Owholemodule";
				TARGETED_DEVICE_FAMILY = "1,2";
				VALIDATE_PRODUCT = YES;
			};
			name = Release;
		};
		10A3BBDC1E5C9B080046669A /* Debug */ = {
			isa = XCBuildConfiguration;
			buildSettings = {
				ASSETCATALOG_COMPILER_APPICON_NAME = AppIcon;
				DEVELOPMENT_TEAM = VG5C2F796N;
				INFOPLIST_FILE = "MeatTime™/Info.plist";
				IPHONEOS_DEPLOYMENT_TARGET = 10.0;
				LD_RUNPATH_SEARCH_PATHS = "$(inherited) @executable_path/Frameworks";
				PRODUCT_BUNDLE_IDENTIFIER = "Ty-and-Ler-.MeatTime-";
				PRODUCT_NAME = "$(TARGET_NAME)";
				SWIFT_VERSION = 3.0;
			};
			name = Debug;
		};
		10A3BBDD1E5C9B080046669A /* Release */ = {
			isa = XCBuildConfiguration;
			buildSettings = {
				ASSETCATALOG_COMPILER_APPICON_NAME = AppIcon;
				DEVELOPMENT_TEAM = VG5C2F796N;
				INFOPLIST_FILE = "MeatTime™/Info.plist";
				IPHONEOS_DEPLOYMENT_TARGET = 10.0;
				LD_RUNPATH_SEARCH_PATHS = "$(inherited) @executable_path/Frameworks";
				PRODUCT_BUNDLE_IDENTIFIER = "Ty-and-Ler-.MeatTime-";
				PRODUCT_NAME = "$(TARGET_NAME)";
				SWIFT_VERSION = 3.0;
			};
			name = Release;
		};
		10A3BBDF1E5C9B080046669A /* Debug */ = {
			isa = XCBuildConfiguration;
			buildSettings = {
				ALWAYS_EMBED_SWIFT_STANDARD_LIBRARIES = YES;
				BUNDLE_LOADER = "$(TEST_HOST)";
				DEVELOPMENT_TEAM = SS74D43GDA;
				INFOPLIST_FILE = "MeatTime™Tests/Info.plist";
				LD_RUNPATH_SEARCH_PATHS = "$(inherited) @executable_path/Frameworks @loader_path/Frameworks";
				PRODUCT_BUNDLE_IDENTIFIER = "Ty-and-Ler-.MeatTime-Tests";
				PRODUCT_NAME = "$(TARGET_NAME)";
				SWIFT_VERSION = 3.0;
				TEST_HOST = "$(BUILT_PRODUCTS_DIR)/MeatTime™.app/MeatTime™";
			};
			name = Debug;
		};
		10A3BBE01E5C9B080046669A /* Release */ = {
			isa = XCBuildConfiguration;
			buildSettings = {
				ALWAYS_EMBED_SWIFT_STANDARD_LIBRARIES = YES;
				BUNDLE_LOADER = "$(TEST_HOST)";
				DEVELOPMENT_TEAM = SS74D43GDA;
				INFOPLIST_FILE = "MeatTime™Tests/Info.plist";
				LD_RUNPATH_SEARCH_PATHS = "$(inherited) @executable_path/Frameworks @loader_path/Frameworks";
				PRODUCT_BUNDLE_IDENTIFIER = "Ty-and-Ler-.MeatTime-Tests";
				PRODUCT_NAME = "$(TARGET_NAME)";
				SWIFT_VERSION = 3.0;
				TEST_HOST = "$(BUILT_PRODUCTS_DIR)/MeatTime™.app/MeatTime™";
			};
			name = Release;
		};
		10A3BBE21E5C9B080046669A /* Debug */ = {
			isa = XCBuildConfiguration;
			buildSettings = {
				ALWAYS_EMBED_SWIFT_STANDARD_LIBRARIES = YES;
				DEVELOPMENT_TEAM = SS74D43GDA;
				INFOPLIST_FILE = "MeatTime™UITests/Info.plist";
				LD_RUNPATH_SEARCH_PATHS = "$(inherited) @executable_path/Frameworks @loader_path/Frameworks";
				PRODUCT_BUNDLE_IDENTIFIER = "Ty-and-Ler-.MeatTime-UITests";
				PRODUCT_NAME = "$(TARGET_NAME)";
				SWIFT_VERSION = 3.0;
				TEST_TARGET_NAME = "MeatTime™";
			};
			name = Debug;
		};
		10A3BBE31E5C9B080046669A /* Release */ = {
			isa = XCBuildConfiguration;
			buildSettings = {
				ALWAYS_EMBED_SWIFT_STANDARD_LIBRARIES = YES;
				DEVELOPMENT_TEAM = SS74D43GDA;
				INFOPLIST_FILE = "MeatTime™UITests/Info.plist";
				LD_RUNPATH_SEARCH_PATHS = "$(inherited) @executable_path/Frameworks @loader_path/Frameworks";
				PRODUCT_BUNDLE_IDENTIFIER = "Ty-and-Ler-.MeatTime-UITests";
				PRODUCT_NAME = "$(TARGET_NAME)";
				SWIFT_VERSION = 3.0;
				TEST_TARGET_NAME = "MeatTime™";
			};
			name = Release;
		};
/* End XCBuildConfiguration section */

/* Begin XCConfigurationList section */
		10A3BBAB1E5C9B030046669A /* Build configuration list for PBXProject "MeatTime™" */ = {
			isa = XCConfigurationList;
			buildConfigurations = (
				10A3BBD91E5C9B080046669A /* Debug */,
				10A3BBDA1E5C9B080046669A /* Release */,
			);
			defaultConfigurationIsVisible = 0;
			defaultConfigurationName = Release;
		};
		10A3BBDB1E5C9B080046669A /* Build configuration list for PBXNativeTarget "MeatTime™" */ = {
			isa = XCConfigurationList;
			buildConfigurations = (
				10A3BBDC1E5C9B080046669A /* Debug */,
				10A3BBDD1E5C9B080046669A /* Release */,
			);
			defaultConfigurationIsVisible = 0;
			defaultConfigurationName = Release;
		};
		10A3BBDE1E5C9B080046669A /* Build configuration list for PBXNativeTarget "MeatTime™Tests" */ = {
			isa = XCConfigurationList;
			buildConfigurations = (
				10A3BBDF1E5C9B080046669A /* Debug */,
				10A3BBE01E5C9B080046669A /* Release */,
			);
			defaultConfigurationIsVisible = 0;
			defaultConfigurationName = Release;
		};
		10A3BBE11E5C9B080046669A /* Build configuration list for PBXNativeTarget "MeatTime™UITests" */ = {
			isa = XCConfigurationList;
			buildConfigurations = (
				10A3BBE21E5C9B080046669A /* Debug */,
				10A3BBE31E5C9B080046669A /* Release */,
			);
			defaultConfigurationIsVisible = 0;
			defaultConfigurationName = Release;
		};
/* End XCConfigurationList section */

/* Begin XCVersionGroup section */
		10A3BBBA1E5C9B050046669A /* MeatTime_.xcdatamodeld */ = {
			isa = XCVersionGroup;
			children = (
				10A3BBBB1E5C9B050046669A /* MeatTime_.xcdatamodel */,
			);
			currentVersion = 10A3BBBB1E5C9B050046669A /* MeatTime_.xcdatamodel */;
			path = MeatTime_.xcdatamodeld;
			sourceTree = "<group>";
			versionGroupType = wrapper.xcdatamodel;
		};
/* End XCVersionGroup section */
	};
	rootObject = 10A3BBA81E5C9B030046669A /* Project object */;
}
